
Microsoft Visual Studio Solution File, Format Version 12.00
# Visual Studio Version 17
VisualStudioVersion = 17.14.36429.23 d17.14
MinimumVisualStudioVersion = 10.0.40219.1
Project("{FAE04EC0-301F-11D3-BF4B-00C04F79EFBC}") = "real_time_logger", "real_time_logger\real_time_logger.csproj", "{266A8820-7848-4613-A726-C1235026B942}"
EndProject
Global
	GlobalSection(SolutionConfigurationPlatforms) = preSolution
		Debug|Any CPU = Debug|Any CPU
		Release|Any CPU = Release|Any CPU
	EndGlobalSection
	GlobalSection(ProjectConfigurationPlatforms) = postSolution
		{266A8820-7848-4613-A726-C1235026B942}.Debug|Any CPU.ActiveCfg = Debug|Any CPU
		{266A8820-7848-4613-A726-C1235026B942}.Debug|Any CPU.Build.0 = Debug|Any CPU
		{266A8820-7848-4613-A726-C1235026B942}.Release|Any CPU.ActiveCfg = Release|Any CPU
		{266A8820-7848-4613-A726-C1235026B942}.Release|Any CPU.Build.0 = Release|Any CPU
	EndGlobalSection
	GlobalSection(SolutionProperties) = preSolution
		HideSolutionNode = FALSE
	EndGlobalSection
	GlobalSection(ExtensibilityGlobals) = postSolution
		SolutionGuid = {29722F7C-95AF-48E8-8AEB-5A7AA8C40588}
	EndGlobalSection
EndGlobal
